
Microsoft Visual Studio Solution File, Format Version 12.00
# Visual Studio 2012
Project("{FAE04EC0-301F-11D3-BF4B-00C04F79EFBC}") = "GetAlt RW", "GetAlt RW\GetAlt RW.csproj", "{CB3C3F6C-F75F-48BA-9B9D-13402768E7AB}"
EndProject
Global
	GlobalSection(SolutionConfigurationPlatforms) = preSolution
		Debug|Any CPU = Debug|Any CPU
		Release|Any CPU = Release|Any CPU
	EndGlobalSection
	GlobalSection(ProjectConfigurationPlatforms) = postSolution
		{CB3C3F6C-F75F-48BA-9B9D-13402768E7AB}.Debug|Any CPU.ActiveCfg = Debug|Any CPU
		{CB3C3F6C-F75F-48BA-9B9D-13402768E7AB}.Debug|Any CPU.Build.0 = Debug|Any CPU
		{CB3C3F6C-F75F-48BA-9B9D-13402768E7AB}.Release|Any CPU.ActiveCfg = Release|Any CPU
		{CB3C3F6C-F75F-48BA-9B9D-13402768E7AB}.Release|Any CPU.Build.0 = Release|Any CPU
	EndGlobalSection
	GlobalSection(SolutionProperties) = preSolution
		HideSolutionNode = FALSE
	EndGlobalSection
EndGlobal
